github.com/ortymid/piglat v0.0.0-20200601084024-f9bc5f737fd5 h1:FlXjKhGR07FGh5HWGphp8Nd8m3MuwGnuVpsCmBN4kiA=
github.com/ortymid/piglat v0.0.0-20200601084024-f9bc5f737fd5/go.mod h1:u0ny8rVU5NDz7jnB7L08Qecb03PkSaHsdWoAiSSPx+c=
github.com/ortymid/piglat v0.0.0-20200601085251-ee80b18aa492 h1:5yO5YQ0L+l/ihbG+IvQKrAviH7KG2R4CcOH0FRZPCbo=
github.com/ortymid/piglat v0.0.0-20200601085251-ee80b18aa492/go.mod h1:u0ny8rVU5NDz7jnB7L08Qecb03PkSaHsdWoAiSSPx+c=
github.com/ortymid/piglat v0.0.0-20200601095857-25b69bd28067 h1:PcoqEsjIZ3kPRZmhwv3Q2tuW8TlpdIEeAeG8jSLVTwI=
github.com/ortymid/piglat v0.0.0-20200601095857-25b69bd28067/go.mod h1:u0ny8rVU5NDz7jnB7L08Qecb03PkSaHsdWoAiSSPx+c=
